{
  "name": "website",
  "version": "1.0.0",
  "lockfileVersion": 1,
  "requires": true,
  "dependencies": {
    "argparse": {
      "version": "2.0.1",
      "resolved": "https://registry.npmjs.org/argparse/-/argparse-2.0.1.tgz",
      "integrity": "sha512-8+9WqebbFzpX9OR+Wa6O29asIogeRMzcGtAINdpMHHyAg10f05aSFVBbcEqGf/PXw1EjAZ+q2/bEBg3DvurK3Q=="
    },
    "entities": {
      "version": "2.1.0",
      "resolved": "https://registry.npmjs.org/entities/-/entities-2.1.0.tgz",
      "integrity": "sha512-hCx1oky9PFrJ611mf0ifBLBRW8lUUVRlFolb5gWRfIELabBlbp9xZvrqZLZAs+NxFnbfQoeGd8wDkygjg7U85w=="
    },
    "esprima": {
      "version": "4.0.1",
      "resolved": "https://registry.npmjs.org/esprima/-/esprima-4.0.1.tgz",
      "integrity": "sha512-eGuFFw7Upda+g4p+QHvnW0RyTX/SVeJBDM/gCtMARO0cLuT2HcEKnTPvhjV6aGeqrCB/sbNop0Kszm0jsaWU4A=="
    },
    "extend-shallow": {
      "version": "2.0.1",
      "resolved": "https://registry.npmjs.org/extend-shallow/-/extend-shallow-2.0.1.tgz",
      "integrity": "sha1-Ua99YUrZqfYQ6huvu5idaxxWiQ8=",
      "requires": {
        "is-extendable": "^0.1.0"
      }
    },
    "gray-matter": {
      "version": "4.0.2",
      "resolved": "https://registry.npmjs.org/gray-matter/-/gray-matter-4.0.2.tgz",
      "integrity": "sha512-7hB/+LxrOjq/dd8APlK0r24uL/67w7SkYnfwhNFwg/VDIGWGmduTDYf3WNstLW2fbbmRwrDGCVSJ2isuf2+4Hw==",
      "requires": {
        "js-yaml": "^3.11.0",
        "kind-of": "^6.0.2",
        "section-matter": "^1.0.0",
        "strip-bom-string": "^1.0.0"
      }
    },
    "highlight.js": {
      "version": "10.5.0",
      "resolved": "https://registry.npmjs.org/highlight.js/-/highlight.js-10.5.0.tgz",
      "integrity": "sha512-xTmvd9HiIHR6L53TMC7TKolEj65zG1XU+Onr8oi86mYa+nLcIbxTTWkpW7CsEwv/vK7u1zb8alZIMLDqqN6KTw=="
    },
    "is-extendable": {
      "version": "0.1.1",
      "resolved": "https://registry.npmjs.org/is-extendable/-/is-extendable-0.1.1.tgz",
      "integrity": "sha1-YrEQ4omkcUGOPsNqYX1HLjAd/Ik="
    },
    "js-yaml": {
      "version": "3.14.1",
      "resolved": "https://registry.npmjs.org/js-yaml/-/js-yaml-3.14.1.tgz",
      "integrity": "sha512-okMH7OXXJ7YrN9Ok3/SXrnu4iX9yOk+25nqX4imS2npuvTYDmo/QEZoqwZkYaIDk3jVvBOTOIEgEhaLOynBS9g==",
      "requires": {
        "argparse": "^1.0.7",
        "esprima": "^4.0.0"
      },
      "dependencies": {
        "argparse": {
          "version": "1.0.10",
          "resolved": "https://registry.npmjs.org/argparse/-/argparse-1.0.10.tgz",
          "integrity": "sha512-o5Roy6tNG4SL/FOkCAN6RzjiakZS25RLYFrcMttJqbdd8BWrnA+fGz57iN5Pb06pvBGvl5gQ0B48dJlslXvoTg==",
          "requires": {
            "sprintf-js": "~1.0.2"
          }
        }
      }
    },
    "kind-of": {
      "version": "6.0.3",
      "resolved": "https://registry.npmjs.org/kind-of/-/kind-of-6.0.3.tgz",
      "integrity": "sha512-dcS1ul+9tmeD95T+x28/ehLgd9mENa3LsvDTtzm3vyBEO7RPptvAD+t44WVXaUjTBRcrpFeFlC8WCruUR456hw=="
    },
    "linkify-it": {
      "version": "3.0.3",
      "resolved": "https://registry.npmjs.org/linkify-it/-/linkify-it-3.0.3.tgz",
      "integrity": "sha512-ynTsyrFSdE5oZ/O9GEf00kPngmOfVwazR5GKDq6EYfhlpFug3J2zybX56a2PRRpc9P+FuSoGNAwjlbDs9jJBPQ==",
      "requires": {
        "uc.micro": "^1.0.1"
      }
    },
    "markdown-it": {
      "version": "12.3.2",
      "resolved": "https://registry.npmjs.org/markdown-it/-/markdown-it-12.3.2.tgz",
      "integrity": "sha512-TchMembfxfNVpHkbtriWltGWc+m3xszaRD0CZup7GFFhzIgQqxIfn3eGj1yZpfuflzPvfkt611B2Q/Bsk1YnGg==",
      "requires": {
        "argparse": "^2.0.1",
        "entities": "~2.1.0",
        "linkify-it": "^3.0.1",
        "mdurl": "^1.0.1",
        "uc.micro": "^1.0.5"
      }
    },
    "markdown-it-anchor": {
      "version": "7.0.2",
      "resolved": "https://registry.npmjs.org/markdown-it-anchor/-/markdown-it-anchor-7.0.2.tgz",
      "integrity": "sha512-UtYFAkce16mJlixXUMXUf14ZmOWK2YHLGKUpkZUn98w3qP8nVhb7k5sCBZmVHGMq3SpYtrxQ5XOdHQHRuLR40Q=="
    },
    "markdown-it-attrs": {
      "version": "4.0.0",
      "resolved": "https://registry.npmjs.org/markdown-it-attrs/-/markdown-it-attrs-4.0.0.tgz",
      "integrity": "sha512-uLjtdCmhhmL3BuZsReYkFxk74qKjj5ahe34teBpOCJ4hYZZl7/ftLyXWLowngC2moRkbLEvKwN/7TMwbhbHE/A=="
    },
    "markdown-it-container": {
      "version": "3.0.0",
      "resolved": "https://registry.npmjs.org/markdown-it-container/-/markdown-it-container-3.0.0.tgz",
      "integrity": "sha512-y6oKTq4BB9OQuY/KLfk/O3ysFhB3IMYoIWhGJEidXt1NQFocFK2sA2t0NYZAMyMShAGL6x5OPIbrmXPIqaN9rw=="
    },
    "markdown-it-footnote": {
      "version": "3.0.2",
      "resolved": "https://registry.npmjs.org/markdown-it-footnote/-/markdown-it-footnote-3.0.2.tgz",
      "integrity": "sha512-JVW6fCmZWjvMdDQSbOT3nnOQtd9iAXmw7hTSh26+v42BnvXeVyGMDBm5b/EZocMed2MbCAHiTX632vY0FyGB8A=="
    },
    "markdown-it-front-matter": {
      "version": "0.2.3",
      "resolved": "https://registry.npmjs.org/markdown-it-front-matter/-/markdown-it-front-matter-0.2.3.tgz",
      "integrity": "sha512-s9+rcClLmZsZc3YL8Awjg/YO/VdphlE20LJ9Bx5a8RAFLI5a1vq6Mll8kOzG6w/wy8yhFLBupaa6Mfd60GATkA=="
    },
    "markdown-it-table-of-contents": {
      "version": "0.5.2",
      "resolved": "https://registry.npmjs.org/markdown-it-table-of-contents/-/markdown-it-table-of-contents-0.5.2.tgz",
      "integrity": "sha512-6o+rxSwzXmXCUn1n8QGTSpgbcnHBG6lUU8x7A5Cssuq5vbfzTfitfGPvQ5PZkp+gP1NGS/DR2rkYqJPn0rbZ1A=="
    },
    "mdurl": {
      "version": "1.0.1",
      "resolved": "https://registry.npmjs.org/mdurl/-/mdurl-1.0.1.tgz",
      "integrity": "sha1-/oWy7HWlkDfyrf7BAP1sYBdhFS4="
    },
    "section-matter": {
      "version": "1.0.0",
      "resolved": "https://registry.npmjs.org/section-matter/-/section-matter-1.0.0.tgz",
      "integrity": "sha512-vfD3pmTzGpufjScBh50YHKzEu2lxBWhVEHsNGoEXmCmn2hKGfeNLYMzCJpe8cD7gqX7TJluOVpBkAequ6dgMmA==",
      "requires": {
        "extend-shallow": "^2.0.1",
        "kind-of": "^6.0.0"
      }
    },
    "sprintf-js": {
      "version": "1.0.3",
      "resolved": "https://registry.npmjs.org/sprintf-js/-/sprintf-js-1.0.3.tgz",
      "integrity": "sha1-BOaSb2YolTVPPdAVIDYzuFcpfiw="
    },
    "strip-bom-string": {
      "version": "1.0.0",
      "resolved": "https://registry.npmjs.org/strip-bom-string/-/strip-bom-string-1.0.0.tgz",
      "integrity": "sha1-5SEekiQ2n7uB1jOi8ABE3IztrZI="
    },
    "uc.micro": {
      "version": "1.0.6",
      "resolved": "https://registry.npmjs.org/uc.micro/-/uc.micro-1.0.6.tgz",
      "integrity": "sha512-8Y75pvTYkLJW2hWQHXxoqRgV7qb9B+9vFEtidML+7koHUFapnVJAZ6cKs+Qjz5Aw3aZWHMC6u0wJE3At+nSGwA=="
    }
  }
}
